
Microsoft Visual Studio Solution File, Format Version 12.00
# Visual Studio Version 17
VisualStudioVersion = 17.7.34018.315
MinimumVisualStudioVersion = 10.0.40219.1
Project("{FAE04EC0-301F-11D3-BF4B-00C04F79EFBC}") = "SRNotes", "SRNotes\SRNotes.csproj", "{E4BC1175-62E4-4C26-B612-EE83471A48E4}"
EndProject
Global
	GlobalSection(SolutionConfigurationPlatforms) = preSolution
		Debug|Any CPU = Debug|Any CPU
		Release|Any CPU = Release|Any CPU
	EndGlobalSection
	GlobalSection(ProjectConfigurationPlatforms) = postSolution
		{E4BC1175-62E4-4C26-B612-EE83471A48E4}.Debug|Any CPU.ActiveCfg = Debug|Any CPU
		{E4BC1175-62E4-4C26-B612-EE83471A48E4}.Debug|Any CPU.Build.0 = Debug|Any CPU
		{E4BC1175-62E4-4C26-B612-EE83471A48E4}.Release|Any CPU.ActiveCfg = Release|Any CPU
		{E4BC1175-62E4-4C26-B612-EE83471A48E4}.Release|Any CPU.Build.0 = Release|Any CPU
	EndGlobalSection
	GlobalSection(SolutionProperties) = preSolution
		HideSolutionNode = FALSE
	EndGlobalSection
	GlobalSection(ExtensibilityGlobals) = postSolution
		SolutionGuid = {0A1B2DD6-3239-4C9A-9E50-4CB169663537}
	EndGlobalSection
EndGlobal
